
Microsoft Visual Studio Solution File, Format Version 12.00
# Visual Studio 14
VisualStudioVersion = 14.0.25123.0
MinimumVisualStudioVersion = 10.0.40219.1
Project("{FAE04EC0-301F-11D3-BF4B-00C04F79EFBC}") = "HomeWork", "HomeWork\HomeWork.csproj", "{A3836D78-7540-4CF9-8903-657912A80B5B}"
EndProject
Project("{FAE04EC0-301F-11D3-BF4B-00C04F79EFBC}") = "Generics", "Generics\Generics.csproj", "{F16007A5-CDB0-4BB4-ABC2-6596CE5484DD}"
EndProject
Project("{FAE04EC0-301F-11D3-BF4B-00C04F79EFBC}") = "Matrix", "Matrix\Matrix.csproj", "{6126DADD-50E0-4270-A9BA-9294FEA81FAC}"
EndProject
Project("{FAE04EC0-301F-11D3-BF4B-00C04F79EFBC}") = "Attributes", "Attributes\Attributes.csproj", "{3D967BFF-0CE4-4FED-806F-0AE05B5559A4}"
EndProject
Global
	GlobalSection(SolutionConfigurationPlatforms) = preSolution
		Debug|Any CPU = Debug|Any CPU
		Release|Any CPU = Release|Any CPU
	EndGlobalSection
	GlobalSection(ProjectConfigurationPlatforms) = postSolution
		{A3836D78-7540-4CF9-8903-657912A80B5B}.Debug|Any CPU.ActiveCfg = Debug|Any CPU
		{A3836D78-7540-4CF9-8903-657912A80B5B}.Debug|Any CPU.Build.0 = Debug|Any CPU
		{A3836D78-7540-4CF9-8903-657912A80B5B}.Release|Any CPU.ActiveCfg = Release|Any CPU
		{A3836D78-7540-4CF9-8903-657912A80B5B}.Release|Any CPU.Build.0 = Release|Any CPU
		{F16007A5-CDB0-4BB4-ABC2-6596CE5484DD}.Debug|Any CPU.ActiveCfg = Debug|Any CPU
		{F16007A5-CDB0-4BB4-ABC2-6596CE5484DD}.Debug|Any CPU.Build.0 = Debug|Any CPU
		{F16007A5-CDB0-4BB4-ABC2-6596CE5484DD}.Release|Any CPU.ActiveCfg = Release|Any CPU
		{F16007A5-CDB0-4BB4-ABC2-6596CE5484DD}.Release|Any CPU.Build.0 = Release|Any CPU
		{6126DADD-50E0-4270-A9BA-9294FEA81FAC}.Debug|Any CPU.ActiveCfg = Debug|Any CPU
		{6126DADD-50E0-4270-A9BA-9294FEA81FAC}.Debug|Any CPU.Build.0 = Debug|Any CPU
		{6126DADD-50E0-4270-A9BA-9294FEA81FAC}.Release|Any CPU.ActiveCfg = Release|Any CPU
		{6126DADD-50E0-4270-A9BA-9294FEA81FAC}.Release|Any CPU.Build.0 = Release|Any CPU
		{3D967BFF-0CE4-4FED-806F-0AE05B5559A4}.Debug|Any CPU.ActiveCfg = Debug|Any CPU
		{3D967BFF-0CE4-4FED-806F-0AE05B5559A4}.Debug|Any CPU.Build.0 = Debug|Any CPU
		{3D967BFF-0CE4-4FED-806F-0AE05B5559A4}.Release|Any CPU.ActiveCfg = Release|Any CPU
		{3D967BFF-0CE4-4FED-806F-0AE05B5559A4}.Release|Any CPU.Build.0 = Release|Any CPU
	EndGlobalSection
	GlobalSection(SolutionProperties) = preSolution
		HideSolutionNode = FALSE
	EndGlobalSection
EndGlobal
